
Microsoft Visual Studio Solution File, Format Version 12.00
# Visual Studio 15
VisualStudioVersion = 15.0.27130.2010
MinimumVisualStudioVersion = 10.0.40219.1
Project("{FAE04EC0-301F-11D3-BF4B-00C04F79EFBC}") = "AngularTren", "AngularTren\AngularTren.csproj", "{A049FBDD-30EF-4A5B-A2C3-96F115939F1C}"
EndProject
Global
	GlobalSection(SolutionConfigurationPlatforms) = preSolution
		Debug|Any CPU = Debug|Any CPU
		Release|Any CPU = Release|Any CPU
	EndGlobalSection
	GlobalSection(ProjectConfigurationPlatforms) = postSolution
		{A049FBDD-30EF-4A5B-A2C3-96F115939F1C}.Debug|Any CPU.ActiveCfg = Debug|Any CPU
		{A049FBDD-30EF-4A5B-A2C3-96F115939F1C}.Debug|Any CPU.Build.0 = Debug|Any CPU
		{A049FBDD-30EF-4A5B-A2C3-96F115939F1C}.Release|Any CPU.ActiveCfg = Release|Any CPU
		{A049FBDD-30EF-4A5B-A2C3-96F115939F1C}.Release|Any CPU.Build.0 = Release|Any CPU
	EndGlobalSection
	GlobalSection(SolutionProperties) = preSolution
		HideSolutionNode = FALSE
	EndGlobalSection
	GlobalSection(ExtensibilityGlobals) = postSolution
		SolutionGuid = {27051128-04C1-458F-931B-560C3D1F0096}
	EndGlobalSection
EndGlobal
